<?xml version="1.0" encoding="utf-8"?>
<Project ToolsVersion="4.0" xmlns="http://schemas.microsoft.com/developer/msbuild/2003">
  <ItemGroup>
    <Filter Include="Resource Files">
      <UniqueIdentifier>{D9D6E242-F8AF-46E4-B9FD-80ECBC20BA3E}</UniqueIdentifier>
      <Extensions>qrc;*</Extensions>
      <ParseFiles>false</ParseFiles>
    </Filter>
    <Filter Include="src">
      <UniqueIdentifier>{4491f719-2283-4cdf-a299-2019fd7348a9}</UniqueIdentifier>
    </Filter>
    <Filter Include="Form Files">
      <UniqueIdentifier>{99349809-55BA-4b9d-BF79-8FDBB0286EB3}</UniqueIdentifier>
      <Extensions>ui</Extensions>
      <ParseFiles>true</ParseFiles>
    </Filter>
    <Filter Include="Generated Files">
      <UniqueIdentifier>{71ED8ED8-ACB9-4CE9-BBE1-E00B30144E11}</UniqueIdentifier>
      <Extensions>moc;h;cpp</Extensions>
      <ParseFiles>true</ParseFiles>
    </Filter>
    <Filter Include="Generated Files\Debug">
      <UniqueIdentifier>{5a26a5ed-2ec2-409a-b8bf-41bc21a4c8c7}</UniqueIdentifier>
      <Extensions>cpp;moc</Extensions>
      <SourceControlFiles>False</SourceControlFiles>
    </Filter>
    <Filter Include="Generated Files\Release">
      <UniqueIdentifier>{ded78305-8fe4-45c5-aa1f-7b57b7ea5215}</UniqueIdentifier>
      <Extensions>cpp;moc</Extensions>
      <SourceControlFiles>False</SourceControlFiles>
    </Filter>
  </ItemGroup>
  <ItemGroup>
    <ClCompile Include="src\main.cpp">
      <Filter>src</Filter>
    </ClCompile>
    <ClCompile Include="GeneratedFiles\Release\moc_TouchHooksMainWindow.cpp" />
    <ClCompile Include="src\hooksGui\TouchHooksMainWindow.cpp" />
    <ClCompile Include="GeneratedFiles\qrc_touchhooks2tuio.cpp">
      <Filter>Generated Files</Filter>
    </ClCompile>
    <ClCompile Include="GeneratedFiles\Debug\moc_TouchHooksMainWindow.cpp">
      <Filter>Generated Files\Debug</Filter>
    </ClCompile>
    <ClCompile Include="src\hooksCore\TouchHooks2Tuio.cpp">
      <Filter>Generated Files</Filter>
    </ClCompile>
    <ClCompile Include="src\hooksXml\XmlParamsReader.cpp">
      <Filter>Generated Files</Filter>
    </ClCompile>
    <ClCompile Include="src\hooksXml\XmlParamsWriter.cpp">
      <Filter>Generated Files</Filter>
    </ClCompile>
    <ClCompile Include="src\hooksXml\XmlParamsValidator.cpp">
      <Filter>Generated Files</Filter>
    </ClCompile>
    <ClCompile Include="GeneratedFiles\Debug\moc_TouchHooks2Tuio.cpp">
      <Filter>Generated Files\Debug</Filter>
    </ClCompile>
    <ClCompile Include="GeneratedFiles\Release\moc_TouchHooks2Tuio.cpp">
      <Filter>Generated Files\Release</Filter>
    </ClCompile>
    <ClCompile Include="src\hooksGui\SignalsToSlots.cpp">
      <Filter>Generated Files</Filter>
    </ClCompile>
    <ClCompile Include="GeneratedFiles\Debug\moc_SignalsToSlots.cpp">
      <Filter>Generated Files\Debug</Filter>
    </ClCompile>
    <ClCompile Include="GeneratedFiles\Release\moc_SignalsToSlots.cpp">
      <Filter>Generated Files\Release</Filter>
    </ClCompile>
    <ClCompile Include="src\hooksXml\XmlSettings.cpp">
      <Filter>Generated Files</Filter>
    </ClCompile>
    <ClCompile Include="GeneratedFiles\Debug\moc_XmlSettings.cpp">
      <Filter>Generated Files\Debug</Filter>
    </ClCompile>
    <ClCompile Include="GeneratedFiles\Release\moc_XmlSettings.cpp">
      <Filter>Generated Files\Release</Filter>
    </ClCompile>
    <ClCompile Include="src\hooksCore\TouchMessageListener.cpp">
      <Filter>Generated Files</Filter>
    </ClCompile>
    <ClCompile Include="GeneratedFiles\Debug\moc_TouchMessageListener.cpp">
      <Filter>Generated Files\Debug</Filter>
    </ClCompile>
    <ClCompile Include="GeneratedFiles\Release\moc_TouchMessageListener.cpp">
      <Filter>Generated Files\Release</Filter>
    </ClCompile>
    <ClCompile Include="src\hooksServer\LocalServer.cpp">
      <Filter>Generated Files</Filter>
    </ClCompile>
    <ClCompile Include="GeneratedFiles\Debug\moc_LocalServer.cpp">
      <Filter>Generated Files\Debug</Filter>
    </ClCompile>
    <ClCompile Include="GeneratedFiles\Release\moc_LocalServer.cpp">
      <Filter>Generated Files\Release</Filter>
    </ClCompile>
    <ClCompile Include="src\hooksExceptions\ValidatorException.cpp">
      <Filter>Generated Files</Filter>
    </ClCompile>
    <ClCompile Include="src\hooksExceptions\TouchHooksException.cpp">
      <Filter>Generated Files</Filter>
    </ClCompile>
    <ClCompile Include="src\hooksExceptions\IOException.cpp">
      <Filter>Generated Files</Filter>
    </ClCompile>
    <ClCompile Include="src\hooksExceptions\FileNotFoundException.cpp">
      <Filter>Generated Files</Filter>
    </ClCompile>
    <ClCompile Include="src\hooksExceptions\FileNotReadableException.cpp">
      <Filter>Generated Files</Filter>
    </ClCompile>
    <ClCompile Include="src\hooksExceptions\UnknownXmlTagException.cpp">
      <Filter>Generated Files</Filter>
    </ClCompile>
    <ClCompile Include="src\hooksExceptions\XmlWriterException.cpp">
      <Filter>Generated Files</Filter>
    </ClCompile>
    <ClCompile Include="src\hooksExceptions\XmlReaderException.cpp">
      <Filter>Generated Files</Filter>
    </ClCompile>
    <ClCompile Include="src\hooksGui\XmlDialogBoxUtils.cpp">
      <Filter>Generated Files</Filter>
    </ClCompile>
  </ItemGroup>
  <ItemGroup>
    <CustomBuild Include="src\hooksGui\TouchHooksMainWindow.h" />
    <CustomBuild Include="src\targetver.h">
      <Filter>src</Filter>
    </CustomBuild>
    <CustomBuild Include="src\hooksGui\TouchHooksMainWindow.ui">
      <Filter>Form Files</Filter>
    </CustomBuild>
    <CustomBuild Include="touchhooks2tuio.qrc">
      <Filter>Resource Files</Filter>
    </CustomBuild>
    <CustomBuild Include="src\hooksCore\TouchHooks2Tuio.h">
      <Filter>Generated Files</Filter>
    </CustomBuild>
    <CustomBuild Include="src\hooksGui\SignalsToSlots.h">
      <Filter>Generated Files</Filter>
    </CustomBuild>
    <CustomBuild Include="src\hooksXml\XmlSettings.h">
      <Filter>Generated Files</Filter>
    </CustomBuild>
    <CustomBuild Include="src\hooksCore\TouchMessageListener.h">
      <Filter>Generated Files</Filter>
    </CustomBuild>
    <CustomBuild Include="src\hooksServer\LocalServer.h">
      <Filter>Generated Files</Filter>
    </CustomBuild>
  </ItemGroup>
  <ItemGroup>
    <ClInclude Include="GeneratedFiles\ui_TouchHooksMainWindow.h">
      <Filter>Generated Files</Filter>
    </ClInclude>
    <ClInclude Include="src\hooksXml\XmlParamsReader.h">
      <Filter>Generated Files</Filter>
    </ClInclude>
    <ClInclude Include="src\hooksXml\XmlParamsWriter.h">
      <Filter>Generated Files</Filter>
    </ClInclude>
    <ClInclude Include="src\hooksXml\XmlParamsValidator.h">
      <Filter>Generated Files</Filter>
    </ClInclude>
    <ClInclude Include="src\hooksExceptions\ValidatorException.h">
      <Filter>Generated Files</Filter>
    </ClInclude>
    <ClInclude Include="src\hooksExceptions\TouchHooksException.h">
      <Filter>Generated Files</Filter>
    </ClInclude>
    <ClInclude Include="src\hooksExceptions\IOException.h">
      <Filter>Generated Files</Filter>
    </ClInclude>
    <ClInclude Include="src\hooksExceptions\FileNotFoundException.h">
      <Filter>Generated Files</Filter>
    </ClInclude>
    <ClInclude Include="src\hooksExceptions\FileNotReadableException.h">
      <Filter>Generated Files</Filter>
    </ClInclude>
    <ClInclude Include="src\hooksExceptions\UnknownXmlTagException.h">
      <Filter>Generated Files</Filter>
    </ClInclude>
    <ClInclude Include="src\hooksExceptions\XmlWriterException.h">
      <Filter>Generated Files</Filter>
    </ClInclude>
    <ClInclude Include="src\hooksExceptions\XmlReaderException.h">
      <Filter>Generated Files</Filter>
    </ClInclude>
    <ClInclude Include="src\hooksGui\XmlDialogBoxUtils.h">
      <Filter>Generated Files</Filter>
    </ClInclude>
  </ItemGroup>
</Project>